
Microsoft Visual Studio Solution File, Format Version 12.00
# Visual Studio Version 17
VisualStudioVersion = 17.2.32505.173
MinimumVisualStudioVersion = 10.0.40219.1
Project("{9A19103F-16F7-4668-BE54-9A1E7A4F7556}") = "01 Fieldai ir Properties", "01 Fieldai ir Properties\01 Fieldai ir Properties.csproj", "{536B1D18-2634-4153-B88D-DBD1324A9445}"
EndProject
Project("{9A19103F-16F7-4668-BE54-9A1E7A4F7556}") = "02 Konstruktoriai", "02 Konstruktoriai\02 Konstruktoriai.csproj", "{8BFB27BA-95A6-463A-8EDB-FF6B135A8B39}"
EndProject
Project("{9A19103F-16F7-4668-BE54-9A1E7A4F7556}") = "02_Prieinamumo_Pavyzdziu_Klases", "02_Prieinamumo_Pavyzdziu_Klases\02_Prieinamumo_Pavyzdziu_Klases.csproj", "{18ADF2A2-2A89-47B0-AF33-B84A4D572230}"
EndProject
Project("{9A19103F-16F7-4668-BE54-9A1E7A4F7556}") = "03 Metodai", "03 Metodai\03 Metodai.csproj", "{DC0C163D-914F-4B45-BDF6-A251508E4229}"
EndProject
Project("{9A19103F-16F7-4668-BE54-9A1E7A4F7556}") = "03 Metodai.Domain", "03 Metodai.Domain\03 Metodai.Domain.csproj", "{1905DE98-5B55-47BD-9631-6A037A4A0A95}"
EndProject
Project("{FAE04EC0-301F-11D3-BF4B-00C04F79EFBC}") = "04 Enumerations", "04 Enumerations\04 Enumerations.csproj", "{5D8F93AC-F5AB-4244-8BAD-F897C3F38F28}"
EndProject
Global
	GlobalSection(SolutionConfigurationPlatforms) = preSolution
		Debug|Any CPU = Debug|Any CPU
		Release|Any CPU = Release|Any CPU
	EndGlobalSection
	GlobalSection(ProjectConfigurationPlatforms) = postSolution
		{536B1D18-2634-4153-B88D-DBD1324A9445}.Debug|Any CPU.ActiveCfg = Debug|Any CPU
		{536B1D18-2634-4153-B88D-DBD1324A9445}.Debug|Any CPU.Build.0 = Debug|Any CPU
		{536B1D18-2634-4153-B88D-DBD1324A9445}.Release|Any CPU.ActiveCfg = Release|Any CPU
		{536B1D18-2634-4153-B88D-DBD1324A9445}.Release|Any CPU.Build.0 = Release|Any CPU
		{8BFB27BA-95A6-463A-8EDB-FF6B135A8B39}.Debug|Any CPU.ActiveCfg = Debug|Any CPU
		{8BFB27BA-95A6-463A-8EDB-FF6B135A8B39}.Debug|Any CPU.Build.0 = Debug|Any CPU
		{8BFB27BA-95A6-463A-8EDB-FF6B135A8B39}.Release|Any CPU.ActiveCfg = Release|Any CPU
		{8BFB27BA-95A6-463A-8EDB-FF6B135A8B39}.Release|Any CPU.Build.0 = Release|Any CPU
		{18ADF2A2-2A89-47B0-AF33-B84A4D572230}.Debug|Any CPU.ActiveCfg = Debug|Any CPU
		{18ADF2A2-2A89-47B0-AF33-B84A4D572230}.Debug|Any CPU.Build.0 = Debug|Any CPU
		{18ADF2A2-2A89-47B0-AF33-B84A4D572230}.Release|Any CPU.ActiveCfg = Release|Any CPU
		{18ADF2A2-2A89-47B0-AF33-B84A4D572230}.Release|Any CPU.Build.0 = Release|Any CPU
		{DC0C163D-914F-4B45-BDF6-A251508E4229}.Debug|Any CPU.ActiveCfg = Debug|Any CPU
		{DC0C163D-914F-4B45-BDF6-A251508E4229}.Debug|Any CPU.Build.0 = Debug|Any CPU
		{DC0C163D-914F-4B45-BDF6-A251508E4229}.Release|Any CPU.ActiveCfg = Release|Any CPU
		{DC0C163D-914F-4B45-BDF6-A251508E4229}.Release|Any CPU.Build.0 = Release|Any CPU
		{1905DE98-5B55-47BD-9631-6A037A4A0A95}.Debug|Any CPU.ActiveCfg = Debug|Any CPU
		{1905DE98-5B55-47BD-9631-6A037A4A0A95}.Debug|Any CPU.Build.0 = Debug|Any CPU
		{1905DE98-5B55-47BD-9631-6A037A4A0A95}.Release|Any CPU.ActiveCfg = Release|Any CPU
		{1905DE98-5B55-47BD-9631-6A037A4A0A95}.Release|Any CPU.Build.0 = Release|Any CPU
		{5D8F93AC-F5AB-4244-8BAD-F897C3F38F28}.Debug|Any CPU.ActiveCfg = Debug|Any CPU
		{5D8F93AC-F5AB-4244-8BAD-F897C3F38F28}.Debug|Any CPU.Build.0 = Debug|Any CPU
		{5D8F93AC-F5AB-4244-8BAD-F897C3F38F28}.Release|Any CPU.ActiveCfg = Release|Any CPU
		{5D8F93AC-F5AB-4244-8BAD-F897C3F38F28}.Release|Any CPU.Build.0 = Release|Any CPU
	EndGlobalSection
	GlobalSection(SolutionProperties) = preSolution
		HideSolutionNode = FALSE
	EndGlobalSection
	GlobalSection(ExtensibilityGlobals) = postSolution
		SolutionGuid = {1083FD7F-FE62-4A62-BA4A-A046AEB5A5B4}
	EndGlobalSection
EndGlobal
