
Microsoft Visual Studio Solution File, Format Version 12.00
# Visual Studio Version 17
VisualStudioVersion = 17.1.32210.238
MinimumVisualStudioVersion = 10.0.40219.1
Project("{9A19103F-16F7-4668-BE54-9A1E7A4F7556}") = "P001.Basics", "Basics\P001.Basics.csproj", "{CC3D5988-1051-4D36-BFB9-24C428384FCA}"
EndProject
Project("{9A19103F-16F7-4668-BE54-9A1E7A4F7556}") = "P002.Console uzduotys", "Console uzduotys\P002.Console uzduotys.csproj", "{24FD6ED2-4CEB-481A-8480-890A590B3CED}"
EndProject
Project("{9A19103F-16F7-4668-BE54-9A1E7A4F7556}") = "P003.StringKintamiji", "StringKintamiji\P003.StringKintamiji.csproj", "{FC6280CD-8334-4016-B9E1-E1B123D20AAB}"
EndProject
Project("{9A19103F-16F7-4668-BE54-9A1E7A4F7556}") = "P004.Kintamieji", "Kintamieji\P004.Kintamieji.csproj", "{4BD9F6D7-71CB-423B-8F84-56E4C47828D8}"
EndProject
Project("{9A19103F-16F7-4668-BE54-9A1E7A4F7556}") = "P006.Matematiniai operatoriai", "Matematiniai operatoriai\P006.Matematiniai operatoriai.csproj", "{4F2D6AA7-94AF-40E2-8052-0D97C1527FA0}"
EndProject
Project("{9A19103F-16F7-4668-BE54-9A1E7A4F7556}") = "P005. Tipu Konversijos", "05. Tipu Konversijos\P005. Tipu Konversijos.csproj", "{72D2EA42-1457-47C2-B04D-3C0C8E75DB1F}"
EndProject
Project("{9A19103F-16F7-4668-BE54-9A1E7A4F7556}") = "P007. Operatoriai", "07. Operatoriai\P007. Operatoriai.csproj", "{776DE486-683F-4D9D-9535-0F3287BEA2C8}"
EndProject
Project("{FAE04EC0-301F-11D3-BF4B-00C04F79EFBC}") = "P008 If ir Switch", "P008 If ir Switch\P008 If ir Switch.csproj", "{B53A109E-FE40-45E5-A13A-FC87BB863B26}"
EndProject
Global
	GlobalSection(SolutionConfigurationPlatforms) = preSolution
		Debug|Any CPU = Debug|Any CPU
		Release|Any CPU = Release|Any CPU
	EndGlobalSection
	GlobalSection(ProjectConfigurationPlatforms) = postSolution
		{CC3D5988-1051-4D36-BFB9-24C428384FCA}.Debug|Any CPU.ActiveCfg = Debug|Any CPU
		{CC3D5988-1051-4D36-BFB9-24C428384FCA}.Debug|Any CPU.Build.0 = Debug|Any CPU
		{CC3D5988-1051-4D36-BFB9-24C428384FCA}.Release|Any CPU.ActiveCfg = Release|Any CPU
		{CC3D5988-1051-4D36-BFB9-24C428384FCA}.Release|Any CPU.Build.0 = Release|Any CPU
		{24FD6ED2-4CEB-481A-8480-890A590B3CED}.Debug|Any CPU.ActiveCfg = Debug|Any CPU
		{24FD6ED2-4CEB-481A-8480-890A590B3CED}.Debug|Any CPU.Build.0 = Debug|Any CPU
		{24FD6ED2-4CEB-481A-8480-890A590B3CED}.Release|Any CPU.ActiveCfg = Release|Any CPU
		{24FD6ED2-4CEB-481A-8480-890A590B3CED}.Release|Any CPU.Build.0 = Release|Any CPU
		{FC6280CD-8334-4016-B9E1-E1B123D20AAB}.Debug|Any CPU.ActiveCfg = Debug|Any CPU
		{FC6280CD-8334-4016-B9E1-E1B123D20AAB}.Debug|Any CPU.Build.0 = Debug|Any CPU
		{FC6280CD-8334-4016-B9E1-E1B123D20AAB}.Release|Any CPU.ActiveCfg = Release|Any CPU
		{FC6280CD-8334-4016-B9E1-E1B123D20AAB}.Release|Any CPU.Build.0 = Release|Any CPU
		{4BD9F6D7-71CB-423B-8F84-56E4C47828D8}.Debug|Any CPU.ActiveCfg = Debug|Any CPU
		{4BD9F6D7-71CB-423B-8F84-56E4C47828D8}.Debug|Any CPU.Build.0 = Debug|Any CPU
		{4BD9F6D7-71CB-423B-8F84-56E4C47828D8}.Release|Any CPU.ActiveCfg = Release|Any CPU
		{4BD9F6D7-71CB-423B-8F84-56E4C47828D8}.Release|Any CPU.Build.0 = Release|Any CPU
		{4F2D6AA7-94AF-40E2-8052-0D97C1527FA0}.Debug|Any CPU.ActiveCfg = Debug|Any CPU
		{4F2D6AA7-94AF-40E2-8052-0D97C1527FA0}.Debug|Any CPU.Build.0 = Debug|Any CPU
		{4F2D6AA7-94AF-40E2-8052-0D97C1527FA0}.Release|Any CPU.ActiveCfg = Release|Any CPU
		{4F2D6AA7-94AF-40E2-8052-0D97C1527FA0}.Release|Any CPU.Build.0 = Release|Any CPU
		{72D2EA42-1457-47C2-B04D-3C0C8E75DB1F}.Debug|Any CPU.ActiveCfg = Debug|Any CPU
		{72D2EA42-1457-47C2-B04D-3C0C8E75DB1F}.Debug|Any CPU.Build.0 = Debug|Any CPU
		{72D2EA42-1457-47C2-B04D-3C0C8E75DB1F}.Release|Any CPU.ActiveCfg = Release|Any CPU
		{72D2EA42-1457-47C2-B04D-3C0C8E75DB1F}.Release|Any CPU.Build.0 = Release|Any CPU
		{776DE486-683F-4D9D-9535-0F3287BEA2C8}.Debug|Any CPU.ActiveCfg = Debug|Any CPU
		{776DE486-683F-4D9D-9535-0F3287BEA2C8}.Debug|Any CPU.Build.0 = Debug|Any CPU
		{776DE486-683F-4D9D-9535-0F3287BEA2C8}.Release|Any CPU.ActiveCfg = Release|Any CPU
		{776DE486-683F-4D9D-9535-0F3287BEA2C8}.Release|Any CPU.Build.0 = Release|Any CPU
		{B53A109E-FE40-45E5-A13A-FC87BB863B26}.Debug|Any CPU.ActiveCfg = Debug|Any CPU
		{B53A109E-FE40-45E5-A13A-FC87BB863B26}.Debug|Any CPU.Build.0 = Debug|Any CPU
		{B53A109E-FE40-45E5-A13A-FC87BB863B26}.Release|Any CPU.ActiveCfg = Release|Any CPU
		{B53A109E-FE40-45E5-A13A-FC87BB863B26}.Release|Any CPU.Build.0 = Release|Any CPU
	EndGlobalSection
	GlobalSection(SolutionProperties) = preSolution
		HideSolutionNode = FALSE
	EndGlobalSection
	GlobalSection(ExtensibilityGlobals) = postSolution
		SolutionGuid = {A9BDFDDA-D696-4EF6-A32C-4D49EAEA1B0C}
	EndGlobalSection
EndGlobal
